// !$*UTF8*$!
{
	archiveVersion = 1;
	classes = {
	};
	objectVersion = 46;
	objects = {

/* Begin PBXBuildFile section */
		D77E248D1E921D7900E3F220 /* AppDelegate.swift in Sources */ = {isa = PBXBuildFile; fileRef = D77E248C1E921D7900E3F220 /* AppDelegate.swift */; };
		D77E248F1E921D7A00E3F220 /* ViewController.swift in Sources */ = {isa = PBXBuildFile; fileRef = D77E248E1E921D7A00E3F220 /* ViewController.swift */; };
		D77E24921E921D7B00E3F220 /* Main.storyboard in Resources */ = {isa = PBXBuildFile; fileRef = D77E24901E921D7B00E3F220 /* Main.storyboard */; };
		D77E24971E921D7F00E3F220 /* LaunchScreen.storyboard in Resources */ = {isa = PBXBuildFile; fileRef = D77E24951E921D7F00E3F220 /* LaunchScreen.storyboard */; };
		D7D2D8A71E94D5DA009FF2F1 /* worlClock_20x20.png in Resources */ = {isa = PBXBuildFile; fileRef = D7D2D8A61E94D5DA009FF2F1 /* worlClock_20x20.png */; };
		D7D2D8B11E95D169009FF2F1 /* mew.png in Resources */ = {isa = PBXBuildFile; fileRef = D7D2D8B01E95D169009FF2F1 /* mew.png */; };
		D7D2D8B31E95D21F009FF2F1 /* mewtwo.png in Resources */ = {isa = PBXBuildFile; fileRef = D7D2D8B21E95D21F009FF2F1 /* mewtwo.png */; };
		D7D2D8B61E96F6C1009FF2F1 /* pokeball.png in Resources */ = {isa = PBXBuildFile; fileRef = D7D2D8B41E96F6C1009FF2F1 /* pokeball.png */; };
		D7D2D8B71E96F6C1009FF2F1 /* masterball.png in Resources */ = {isa = PBXBuildFile; fileRef = D7D2D8B51E96F6C1009FF2F1 /* masterball.png */; };
		D7D2D8BA1E96F6D7009FF2F1 /* zapdos.png in Resources */ = {isa = PBXBuildFile; fileRef = D7D2D8B81E96F6D7009FF2F1 /* zapdos.png */; };
		D7D2D8BB1E96F6D7009FF2F1 /* articuno.png in Resources */ = {isa = PBXBuildFile; fileRef = D7D2D8B91E96F6D7009FF2F1 /* articuno.png */; };
/* End PBXBuildFile section */

/* Begin PBXFileReference section */
		D77E24891E921D7700E3F220 /* FBStreamAnimation.app */ = {isa = PBXFileReference; explicitFileType = wrapper.application; includeInIndex = 0; path = FBStreamAnimation.app; sourceTree = BUILT_PRODUCTS_DIR; };
		D77E248C1E921D7900E3F220 /* AppDelegate.swift */ = {isa = PBXFileReference; lastKnownFileType = sourcecode.swift; path = AppDelegate.swift; sourceTree = "<group>"; };
		D77E248E1E921D7A00E3F220 /* ViewController.swift */ = {isa = PBXFileReference; lastKnownFileType = sourcecode.swift; path = ViewController.swift; sourceTree = "<group>"; };
		D77E24911E921D7B00E3F220 /* Base */ = {isa = PBXFileReference; lastKnownFileType = file.storyboard; name = Base; path = Base.lproj/Main.storyboard; sourceTree = "<group>"; };
		D77E24961E921D7F00E3F220 /* Base */ = {isa = PBXFileReference; lastKnownFileType = file.storyboard; name = Base; path = Base.lproj/LaunchScreen.storyboard; sourceTree = "<group>"; };
		D77E24981E921D8100E3F220 /* Info.plist */ = {isa = PBXFileReference; lastKnownFileType = text.plist.xml; path = Info.plist; sourceTree = "<group>"; };
		D7D2D8A61E94D5DA009FF2F1 /* worlClock_20x20.png */ = {isa = PBXFileReference; lastKnownFileType = image.png; path = worlClock_20x20.png; sourceTree = "<group>"; };
		D7D2D8B01E95D169009FF2F1 /* mew.png */ = {isa = PBXFileReference; lastKnownFileType = image.png; name = mew.png; path = ../mew.png; sourceTree = "<group>"; };
		D7D2D8B21E95D21F009FF2F1 /* mewtwo.png */ = {isa = PBXFileReference; lastKnownFileType = image.png; name = mewtwo.png; path = ../mewtwo.png; sourceTree = "<group>"; };
		D7D2D8B41E96F6C1009FF2F1 /* pokeball.png */ = {isa = PBXFileReference; lastKnownFileType = image.png; name = pokeball.png; path = ../pokeball.png; sourceTree = "<group>"; };
		D7D2D8B51E96F6C1009FF2F1 /* masterball.png */ = {isa = PBXFileReference; lastKnownFileType = image.png; name = masterball.png; path = ../masterball.png; sourceTree = "<group>"; };
		D7D2D8B81E96F6D7009FF2F1 /* zapdos.png */ = {isa = PBXFileReference; lastKnownFileType = image.png; name = zapdos.png; path = ../zapdos.png; sourceTree = "<group>"; };
		D7D2D8B91E96F6D7009FF2F1 /* articuno.png */ = {isa = PBXFileReference; lastKnownFileType = image.png; name = articuno.png; path = ../articuno.png; sourceTree = "<group>"; };
/* End PBXFileReference section */

/* Begin PBXFrameworksBuildPhase section */
		D77E24861E921D7700E3F220 /* Frameworks */ = {
			isa = PBXFrameworksBuildPhase;
			buildActionMask = 2147483647;
			files = (
			);
			runOnlyForDeploymentPostprocessing = 0;
		};
/* End PBXFrameworksBuildPhase section */

/* Begin PBXGroup section */
		D77E24801E921D7000E3F220 = {
			isa = PBXGroup;
			children = (
				D77E248B1E921D7800E3F220 /* FBStreamAnimation */,
				D77E248A1E921D7700E3F220 /* Products */,
			);
			sourceTree = "<group>";
		};
		D77E248A1E921D7700E3F220 /* Products */ = {
			isa = PBXGroup;
			children = (
				D77E24891E921D7700E3F220 /* FBStreamAnimation.app */,
			);
			name = Products;
			sourceTree = "<group>";
		};
		D77E248B1E921D7800E3F220 /* FBStreamAnimation */ = {
			isa = PBXGroup;
			children = (
				D77E248C1E921D7900E3F220 /* AppDelegate.swift */,
				D7D2D8A61E94D5DA009FF2F1 /* worlClock_20x20.png */,
				D77E248E1E921D7A00E3F220 /* ViewController.swift */,
				D7D2D8B01E95D169009FF2F1 /* mew.png */,
				D7D2D8B21E95D21F009FF2F1 /* mewtwo.png */,
				D7D2D8B81E96F6D7009FF2F1 /* zapdos.png */,
				D7D2D8B91E96F6D7009FF2F1 /* articuno.png */,
				D7D2D8B41E96F6C1009FF2F1 /* pokeball.png */,
				D7D2D8B51E96F6C1009FF2F1 /* masterball.png */,
				D77E24901E921D7B00E3F220 /* Main.storyboard */,
				D77E24951E921D7F00E3F220 /* LaunchScreen.storyboard */,
				D77E24981E921D8100E3F220 /* Info.plist */,
			);
			path = FBStreamAnimation;
			sourceTree = "<group>";
		};
/* End PBXGroup section */

/* Begin PBXNativeTarget section */
		D77E24881E921D7700E3F220 /* FBStreamAnimation */ = {
			isa = PBXNativeTarget;
			buildConfigurationList = D77E249B1E921D8100E3F220 /* Build configuration list for PBXNativeTarget "FBStreamAnimation" */;
			buildPhases = (
				D77E24851E921D7700E3F220 /* Sources */,
				D77E24861E921D7700E3F220 /* Frameworks */,
				D77E24871E921D7700E3F220 /* Resources */,
			);
			buildRules = (
			);
			dependencies = (
			);
			name = FBStreamAnimation;
			productName = FBStreamAnimation;
			productReference = D77E24891E921D7700E3F220 /* FBStreamAnimation.app */;
			productType = "com.apple.product-type.application";
		};
/* End PBXNativeTarget section */

/* Begin PBXProject section */
		D77E24811E921D7600E3F220 /* Project object */ = {
			isa = PBXProject;
			attributes = {
				LastSwiftUpdateCheck = 0820;
				LastUpgradeCheck = 0820;
				ORGANIZATIONNAME = "Horacio Sanchez";
				TargetAttributes = {
					D77E24881E921D7700E3F220 = {
						CreatedOnToolsVersion = 8.2.1;
						ProvisioningStyle = Automatic;
					};
				};
			};
			buildConfigurationList = D77E24841E921D7600E3F220 /* Build configuration list for PBXProject "FBStreamAnimation" */;
			compatibilityVersion = "Xcode 3.2";
			developmentRegion = English;
			hasScannedForEncodings = 0;
			knownRegions = (
				en,
				Base,
			);
			mainGroup = D77E24801E921D7000E3F220;
			productRefGroup = D77E248A1E921D7700E3F220 /* Products */;
			projectDirPath = "";
			projectRoot = "";
			targets = (
				D77E24881E921D7700E3F220 /* FBStreamAnimation */,
			);
		};
/* End PBXProject section */

/* Begin PBXResourcesBuildPhase section */
		D77E24871E921D7700E3F220 /* Resources */ = {
			isa = PBXResourcesBuildPhase;
			buildActionMask = 2147483647;
			files = (
				D7D2D8B11E95D169009FF2F1 /* mew.png in Resources */,
				D7D2D8B61E96F6C1009FF2F1 /* pokeball.png in Resources */,
				D7D2D8BB1E96F6D7009FF2F1 /* articuno.png in Resources */,
				D7D2D8B31E95D21F009FF2F1 /* mewtwo.png in Resources */,
				D77E24971E921D7F00E3F220 /* LaunchScreen.storyboard in Resources */,
				D7D2D8A71E94D5DA009FF2F1 /* worlClock_20x20.png in Resources */,
				D7D2D8B71E96F6C1009FF2F1 /* masterball.png in Resources */,
				D7D2D8BA1E96F6D7009FF2F1 /* zapdos.png in Resources */,
				D77E24921E921D7B00E3F220 /* Main.storyboard in Resources */,
			);
			runOnlyForDeploymentPostprocessing = 0;
		};
/* End PBXResourcesBuildPhase section */

/* Begin PBXSourcesBuildPhase section */
		D77E24851E921D7700E3F220 /* Sources */ = {
			isa = PBXSourcesBuildPhase;
			buildActionMask = 2147483647;
			files = (
				D77E248F1E921D7A00E3F220 /* ViewController.swift in Sources */,
				D77E248D1E921D7900E3F220 /* AppDelegate.swift in Sources */,
			);
			runOnlyForDeploymentPostprocessing = 0;
		};
/* End PBXSourcesBuildPhase section */

/* Begin PBXVariantGroup section */
		D77E24901E921D7B00E3F220 /* Main.storyboard */ = {
			isa = PBXVariantGroup;
			children = (
				D77E24911E921D7B00E3F220 /* Base */,
			);
			name = Main.storyboard;
			sourceTree = "<group>";
		};
		D77E24951E921D7F00E3F220 /* LaunchScreen.storyboard */ = {
			isa = PBXVariantGroup;
			children = (
				D77E24961E921D7F00E3F220 /* Base */,
			);
			name = LaunchScreen.storyboard;
			sourceTree = "<group>";
		};
/* End PBXVariantGroup section */

/* Begin XCBuildConfiguration section */
		D77E24991E921D8100E3F220 /* Debug */ = {
			isa = XCBuildConfiguration;
			buildSettings = {
				ALWAYS_SEARCH_USER_PATHS = NO;
				CLANG_ANALYZER_NONNULL = YES;
				CLANG_CXX_LANGUAGE_STANDARD = "gnu++0x";
				CLANG_CXX_LIBRARY = "libc++";
				CLANG_ENABLE_MODULES = YES;
				CLANG_ENABLE_OBJC_ARC = YES;
				CLANG_WARN_BOOL_CONVERSION = YES;
				CLANG_WARN_CONSTANT_CONVERSION = YES;
				CLANG_WARN_DIRECT_OBJC_ISA_USAGE = YES_ERROR;
				CLANG_WARN_DOCUMENTATION_COMMENTS = YES;
				CLANG_WARN_EMPTY_BODY = YES;
				CLANG_WARN_ENUM_CONVERSION = YES;
				CLANG_WARN_INFINITE_RECURSION = YES;
				CLANG_WARN_INT_CONVERSION = YES;
				CLANG_WARN_OBJC_ROOT_CLASS = YES_ERROR;
				CLANG_WARN_SUSPICIOUS_MOVE = YES;
				CLANG_WARN_UNREACHABLE_CODE = YES;
				CLANG_WARN__DUPLICATE_METHOD_MATCH = YES;
				"CODE_SIGN_IDENTITY[sdk=iphoneos*]" = "iPhone Developer";
				COPY_PHASE_STRIP = NO;
				DEBUG_INFORMATION_FORMAT = dwarf;
				ENABLE_STRICT_OBJC_MSGSEND = YES;
				ENABLE_TESTABILITY = YES;
				GCC_C_LANGUAGE_STANDARD = gnu99;
				GCC_DYNAMIC_NO_PIC = NO;
				GCC_NO_COMMON_BLOCKS = YES;
				GCC_OPTIMIZATION_LEVEL = 0;
				GCC_PREPROCESSOR_DEFINITIONS = (
					"DEBUG=1",
					"$(inherited)",
				);
				GCC_WARN_64_TO_32_BIT_CONVERSION = YES;
				GCC_WARN_ABOUT_RETURN_TYPE = YES_ERROR;
				GCC_WARN_UNDECLARED_SELECTOR = YES;
				GCC_WARN_UNINITIALIZED_AUTOS = YES_AGGRESSIVE;
				GCC_WARN_UNUSED_FUNCTION = YES;
				GCC_WARN_UNUSED_VARIABLE = YES;
				IPHONEOS_DEPLOYMENT_TARGET = 10.2;
				MTL_ENABLE_DEBUG_INFO = YES;
				ONLY_ACTIVE_ARCH = YES;
				SDKROOT = iphoneos;
				SWIFT_ACTIVE_COMPILATION_CONDITIONS = DEBUG;
				SWIFT_OPTIMIZATION_LEVEL = "-Onone";
				TARGETED_DEVICE_FAMILY = "1,2";
			};
			name = Debug;
		};
		D77E249A1E921D8100E3F220 /* Release */ = {
			isa = XCBuildConfiguration;
			buildSettings = {
				ALWAYS_SEARCH_USER_PATHS = NO;
				CLANG_ANALYZER_NONNULL = YES;
				CLANG_CXX_LANGUAGE_STANDARD = "gnu++0x";
				CLANG_CXX_LIBRARY = "libc++";
				CLANG_ENABLE_MODULES = YES;
				CLANG_ENABLE_OBJC_ARC = YES;
				CLANG_WARN_BOOL_CONVERSION = YES;
				CLANG_WARN_CONSTANT_CONVERSION = YES;
				CLANG_WARN_DIRECT_OBJC_ISA_USAGE = YES_ERROR;
				CLANG_WARN_DOCUMENTATION_COMMENTS = YES;
				CLANG_WARN_EMPTY_BODY = YES;
				CLANG_WARN_ENUM_CONVERSION = YES;
				CLANG_WARN_INFINITE_RECURSION = YES;
				CLANG_WARN_INT_CONVERSION = YES;
				CLANG_WARN_OBJC_ROOT_CLASS = YES_ERROR;
				CLANG_WARN_SUSPICIOUS_MOVE = YES;
				CLANG_WARN_UNREACHABLE_CODE = YES;
				CLANG_WARN__DUPLICATE_METHOD_MATCH = YES;
				"CODE_SIGN_IDENTITY[sdk=iphoneos*]" = "iPhone Developer";
				COPY_PHASE_STRIP = NO;
				DEBUG_INFORMATION_FORMAT = "dwarf-with-dsym";
				ENABLE_NS_ASSERTIONS = NO;
				ENABLE_STRICT_OBJC_MSGSEND = YES;
				GCC_C_LANGUAGE_STANDARD = gnu99;
				GCC_NO_COMMON_BLOCKS = YES;
				GCC_WARN_64_TO_32_BIT_CONVERSION = YES;
				GCC_WARN_ABOUT_RETURN_TYPE = YES_ERROR;
				GCC_WARN_UNDECLARED_SELECTOR = YES;
				GCC_WARN_UNINITIALIZED_AUTOS = YES_AGGRESSIVE;
				GCC_WARN_UNUSED_FUNCTION = YES;
				GCC_WARN_UNUSED_VARIABLE = YES;
				IPHONEOS_DEPLOYMENT_TARGET = 10.2;
				MTL_ENABLE_DEBUG_INFO = NO;
				SDKROOT = iphoneos;
				SWIFT_OPTIMIZATION_LEVEL = "-Owholemodule";
				TARGETED_DEVICE_FAMILY = "1,2";
				VALIDATE_PRODUCT = YES;
			};
			name = Release;
		};
		D77E249C1E921D8100E3F220 /* Debug */ = {
			isa = XCBuildConfiguration;
			buildSettings = {
				ASSETCATALOG_COMPILER_APPICON_NAME = AppIcon;
				INFOPLIST_FILE = FBStreamAnimation/Info.plist;
				LD_RUNPATH_SEARCH_PATHS = "$(inherited) @executable_path/Frameworks";
				PRODUCT_BUNDLE_IDENTIFIER = HS.FBStreamAnimation;
				PRODUCT_NAME = "$(TARGET_NAME)";
				SWIFT_VERSION = 3.0;
			};
			name = Debug;
		};
		D77E249D1E921D8100E3F220 /* Release */ = {
			isa = XCBuildConfiguration;
			buildSettings = {
				ASSETCATALOG_COMPILER_APPICON_NAME = AppIcon;
				INFOPLIST_FILE = FBStreamAnimation/Info.plist;
				LD_RUNPATH_SEARCH_PATHS = "$(inherited) @executable_path/Frameworks";
				PRODUCT_BUNDLE_IDENTIFIER = HS.FBStreamAnimation;
				PRODUCT_NAME = "$(TARGET_NAME)";
				SWIFT_VERSION = 3.0;
			};
			name = Release;
		};
/* End XCBuildConfiguration section */

/* Begin XCConfigurationList section */
		D77E24841E921D7600E3F220 /* Build configuration list for PBXProject "FBStreamAnimation" */ = {
			isa = XCConfigurationList;
			buildConfigurations = (
				D77E24991E921D8100E3F220 /* Debug */,
				D77E249A1E921D8100E3F220 /* Release */,
			);
			defaultConfigurationIsVisible = 0;
			defaultConfigurationName = Release;
		};
		D77E249B1E921D8100E3F220 /* Build configuration list for PBXNativeTarget "FBStreamAnimation" */ = {
			isa = XCConfigurationList;
			buildConfigurations = (
				D77E249C1E921D8100E3F220 /* Debug */,
				D77E249D1E921D8100E3F220 /* Release */,
			);
			defaultConfigurationIsVisible = 0;
			defaultConfigurationName = Release;
		};
/* End XCConfigurationList section */
	};
	rootObject = D77E24811E921D7600E3F220 /* Project object */;
}
